
Microsoft Visual Studio Solution File, Format Version 12.00
# Visual Studio Version 17
VisualStudioVersion = 17.11.35303.130
MinimumVisualStudioVersion = 10.0.40219.1
Project("{9A19103F-16F7-4668-BE54-9A1E7A4F7556}") = "API", "API\API.csproj", "{27FEA51F-6F0E-494B-9026-A362ACAB2356}"
EndProject
Project("{9A19103F-16F7-4668-BE54-9A1E7A4F7556}") = "Data", "Data\Data.csproj", "{5F148722-7085-4AA1-90C6-27759B994E3F}"
EndProject
Project("{FAE04EC0-301F-11D3-BF4B-00C04F79EFBC}") = "View", "View\View.csproj", "{6F6090B9-EA1B-4E10-888F-DF47BB90D3D0}"
EndProject
Global
	GlobalSection(SolutionConfigurationPlatforms) = preSolution
		Debug|Any CPU = Debug|Any CPU
		Release|Any CPU = Release|Any CPU
	EndGlobalSection
	GlobalSection(ProjectConfigurationPlatforms) = postSolution
		{27FEA51F-6F0E-494B-9026-A362ACAB2356}.Debug|Any CPU.ActiveCfg = Debug|Any CPU
		{27FEA51F-6F0E-494B-9026-A362ACAB2356}.Debug|Any CPU.Build.0 = Debug|Any CPU
		{27FEA51F-6F0E-494B-9026-A362ACAB2356}.Release|Any CPU.ActiveCfg = Release|Any CPU
		{27FEA51F-6F0E-494B-9026-A362ACAB2356}.Release|Any CPU.Build.0 = Release|Any CPU
		{5F148722-7085-4AA1-90C6-27759B994E3F}.Debug|Any CPU.ActiveCfg = Debug|Any CPU
		{5F148722-7085-4AA1-90C6-27759B994E3F}.Debug|Any CPU.Build.0 = Debug|Any CPU
		{5F148722-7085-4AA1-90C6-27759B994E3F}.Release|Any CPU.ActiveCfg = Release|Any CPU
		{5F148722-7085-4AA1-90C6-27759B994E3F}.Release|Any CPU.Build.0 = Release|Any CPU
		{6F6090B9-EA1B-4E10-888F-DF47BB90D3D0}.Debug|Any CPU.ActiveCfg = Debug|Any CPU
		{6F6090B9-EA1B-4E10-888F-DF47BB90D3D0}.Debug|Any CPU.Build.0 = Debug|Any CPU
		{6F6090B9-EA1B-4E10-888F-DF47BB90D3D0}.Release|Any CPU.ActiveCfg = Release|Any CPU
		{6F6090B9-EA1B-4E10-888F-DF47BB90D3D0}.Release|Any CPU.Build.0 = Release|Any CPU
	EndGlobalSection
	GlobalSection(SolutionProperties) = preSolution
		HideSolutionNode = FALSE
	EndGlobalSection
	GlobalSection(ExtensibilityGlobals) = postSolution
		SolutionGuid = {3631FE90-1DCE-4AE9-B74A-841125DBC6EA}
	EndGlobalSection
EndGlobal
